{
  "version": 4,
  "terraform_version": "1.1.8",
  "serial": 39,
  "lineage": "dfd4005e-2eff-1cc8-6689-62b668077bb3",
  "outputs": {
    "azurerm_ftdv_public_ip": {
      "value": "20.231.89.86",
      "type": "string"
    },
    "azurerm_ftdv_public_ipv6": {
      "value": "2a01:111:f100:2000::a83e:3082",
      "type": "string"
    },
    "azurerm_ubuntu_in_public_ip": {
      "value": "20.231.44.231",
      "type": "string"
    },
    "azurerm_ubuntu_out_public_ip": {
      "value": "20.231.45.28",
      "type": "string"
    },
    "azurerm_virtual_network": {
      "value": "seveluch-asav-group-vnet",
      "type": "string"
    },
    "resource_group_name": {
      "value": "seveluch-asav-group",
      "type": "string"
    }
  },
  "resources": [
    {
      "mode": "data",
      "type": "azurerm_subscription",
      "name": "current",
      "provider": "provider[\"registry.terraform.io/hashicorp/azurerm\"]",
      "instances": [
        {
          "schema_version": 0,
          "attributes": {
            "display_name": "MSDN Dev/Test Pay-As-You-Go(Converted to EA)",
            "id": "/subscriptions/33d2517e-ca88-46aa-beb2-74ff1dd61b41",
            "location_placement_id": "Public_2014-09-01",
            "quota_id": "MSDNDevTest_2014-09-01",
            "spending_limit": "Off",
            "state": "Enabled",
            "subscription_id": "33d2517e-ca88-46aa-beb2-74ff1dd61b41",
            "tags": {},
            "tenant_id": "18965413-d29e-40cb-a6e7-79aa456932b7",
            "timeouts": null
          },
          "sensitive_attributes": []
        }
      ]
    },
    {
      "mode": "data",
      "type": "template_cloudinit_config",
      "name": "day0_ubuntu_in",
      "provider": "provider[\"registry.terraform.io/hashicorp/template\"]",
      "instances": [
        {
          "schema_version": 0,
          "attributes": {
            "base64_encode": true,
            "gzip": true,
            "id": "2449120500",
            "part": [
              {
                "content": "packages: \n  - iperf3\nrepo_update: true\nbootcmd:\n - ip route add 10.10.2.4 via 10.10.1.5\n - ip -6 route add ace:cab:deca:3::4 via ace:cab:deca:2::5\n",
                "content_type": "text/cloud-config",
                "filename": "",
                "merge_type": ""
              }
            ],
            "rendered": "H4sIAAAAAAAA/2TPT0sDMRAF8Htgv8PQe9JuaxVGPPinBw+rICp4ktlkdgl2k5CdSPvtpbXISo8v/PIecx+DcBD9uk+MMJSt+ERZ5oPfsbuGNpbgKO9vZs1js7l7fnt6uH35mKlD0u+cRx8DQm0WlaqU1lNUqb/uTGHsOOtNsNH50CNctV4m4DguvJO53cbitI2h832lGj/w2Uwi+0U9jwgKQINPnLuVypziZ0mO5FCVC6s2RrGDQ3VEkGMRBnIO6oWpF2ZpLuDb0ynVZn1y+nJCyTJaatGxJVwh/n7597pEXJ8dr3WlfgIAAP//il+FJlsBAAA="
          },
          "sensitive_attributes": []
        }
      ]
    },
    {
      "mode": "data",
      "type": "template_cloudinit_config",
      "name": "day0_ubuntu_out",
      "provider": "provider[\"registry.terraform.io/hashicorp/template\"]",
      "instances": [
        {
          "schema_version": 0,
          "attributes": {
            "base64_encode": true,
            "gzip": true,
            "id": "1470798785",
            "part": [
              {
                "content": "packages: \n  - iperf3\nrepo_update: true\nbootcmd:\n - ip route add 10.10.1.4 via 10.10.2.5\n - ip -6 route add ace:cab:deca:2::4 via ace:cab:deca:3::5\n",
                "content_type": "text/cloud-config",
                "filename": "",
                "merge_type": ""
              }
            ],
            "rendered": "H4sIAAAAAAAA/2SPTUsDMRCG74H8h6H3bL+swogHP3rwsAqigieZTWaXYDcJ2Ym0/162FlkpzOUdnnkf5j4G4SDm9ZAYoS878YmyzHu/Z3cNTSzBUT7czOrHenv3/Pb0cPvyMVNjMu+cBx8DwrJaaKWVMVNIq7/uTGFoOZttsNH50CFcNV4mwFEuvJe53cXijI2h9Z1Wte/5TJPIflHHA4ICMOAT53atMqf4WZIjGatyYdXEKLZ3qI4Q5FiEgZyD5aIap7qAb0+ntKo2J85cTlCyjJYadGwJV4i/J/+2a8TN2fPGaPUTAAD//9BWKX5bAQAA"
          },
          "sensitive_attributes": []
        }
      ]
    },
    {
      "mode": "data",
      "type": "template_file",
      "name": "asav_day0",
      "provider": "provider[\"registry.terraform.io/hashicorp/template\"]",
      "instances": [
        {
          "schema_version": 0,
          "attributes": {
            "filename": null,
            "id": "0993466b216efbf96fb477b40b364644a973f72a371c9aadd3feaddd49febc3e",
            "rendered": "\ninterface GigabitEthernet0/0\n nameif inside\n no shut\nip address dhcp \nipv6 enable\nipv6 address 2406:da14:a5b:d501:35b2:a7ce:533:4c52/64\n!\ninterface GigabitEthernet0/1\n nameif outside\n no shut\nip address dhcp \nipv6 enable\nipv6 address 2406:da14:a5b:d502:9a1d:a58d:94b8:b02/64\n\n\n\naaa authentication ssh console LOCAL\naaa authentication http console LOCAL\naaa authentication telnet console LOCAL\nssh 0.0.0.0 0.0.0.0 management\ntelnet 0.0.0.0 0.0.0.0 management\nhttp server enable\nhttp 0.0.0.0 0.0.0.0 management\nsame-security-traffic permit inter-interface\nsame-security-traffic permit intra-interface\n\naccess-list passall line 10 extended permit tcp any4 any4\naccess-list passall line 15 extended deny tcp any4 any4\naccess-list passall line 20 extended permit udp any4 any4\naccess-list passall line 25 extended deny udp any4 any4\naccess-list passall line 30 extended permit tcp any6 any6\naccess-list passall line 35 extended deny tcp any6 any6\naccess-list passall line 40 extended permit udp any6 any6\naccess-list passall line 45 extended deny udp any6 any6\naccess-list passall line 50 extended permit icmp any4 any4\naccess-list passall line 60 extended permit icmp6 any6 any6\naccess-list passall line 65 extended deny icmp6 any6 any6\naccess-list passall line 75 extended deny icmp any any\naccess-list passall line 80 extended permit ip any6 any6\naccess-list passall line 85 extended deny ip any6 any6\naccess-list passall line 90 extended permit ip any any\naccess-list passall line 95 extended deny ip any any\n\naccess-group passall global\n\nssh ::/0 management\nssh ::/0 management\ntelnet ::/0 management\nhttp ::/0 management\ncall-home \nprofile License \ndestination transport-method http \ndestination address http https://tools.cisco.com/its/service/oddce/services/DDCEService \ndns domain-lookup management \nDNS server-group DefaultDNS \n    name-server 64.102.6.247 \nlicense smart \n feature tier standard \nthroughput level 2G \nshow license all | i Status \nDebug menu license 25 production \nlicense smart register idtoken YTAxMGMwNjUtMDMxYS00NzNkLWI5NTUtNTQ2ODdkOGQ0YjRjLTE2NTk1ODk4%0AMDUyMTN8bU4vQm5uWDFOdWpNL0pZZHRmZ05pcmtxaUpnVWZOWDR2cVljem9L%0AYzNXZz0%3D%0A force \n",
            "template": "\ninterface GigabitEthernet0/0\n nameif inside\n no shut\nip address dhcp \nipv6 enable\nipv6 address 2406:da14:a5b:d501:35b2:a7ce:533:4c52/64\n!\ninterface GigabitEthernet0/1\n nameif outside\n no shut\nip address dhcp \nipv6 enable\nipv6 address 2406:da14:a5b:d502:9a1d:a58d:94b8:b02/64\n\n\n\naaa authentication ssh console LOCAL\naaa authentication http console LOCAL\naaa authentication telnet console LOCAL\nssh 0.0.0.0 0.0.0.0 management\ntelnet 0.0.0.0 0.0.0.0 management\nhttp server enable\nhttp 0.0.0.0 0.0.0.0 management\nsame-security-traffic permit inter-interface\nsame-security-traffic permit intra-interface\n\naccess-list passall line 10 extended permit tcp any4 any4\naccess-list passall line 15 extended deny tcp any4 any4\naccess-list passall line 20 extended permit udp any4 any4\naccess-list passall line 25 extended deny udp any4 any4\naccess-list passall line 30 extended permit tcp any6 any6\naccess-list passall line 35 extended deny tcp any6 any6\naccess-list passall line 40 extended permit udp any6 any6\naccess-list passall line 45 extended deny udp any6 any6\naccess-list passall line 50 extended permit icmp any4 any4\naccess-list passall line 60 extended permit icmp6 any6 any6\naccess-list passall line 65 extended deny icmp6 any6 any6\naccess-list passall line 75 extended deny icmp any any\naccess-list passall line 80 extended permit ip any6 any6\naccess-list passall line 85 extended deny ip any6 any6\naccess-list passall line 90 extended permit ip any any\naccess-list passall line 95 extended deny ip any any\n\naccess-group passall global\n\nssh ::/0 management\nssh ::/0 management\ntelnet ::/0 management\nhttp ::/0 management\ncall-home \nprofile License \ndestination transport-method http \ndestination address http https://tools.cisco.com/its/service/oddce/services/DDCEService \ndns domain-lookup management \nDNS server-group DefaultDNS \n    name-server 64.102.6.247 \nlicense smart \n feature tier standard \nthroughput level 2G \nshow license all | i Status \nDebug menu license 25 production \nlicense smart register idtoken YTAxMGMwNjUtMDMxYS00NzNkLWI5NTUtNTQ2ODdkOGQ0YjRjLTE2NTk1ODk4%0AMDUyMTN8bU4vQm5uWDFOdWpNL0pZZHRmZ05pcmtxaUpnVWZOWDR2cVljem9L%0AYzNXZz0%3D%0A force \n",
            "vars": null
          },
          "sensitive_attributes": []
        }
      ]
    },
    {
      "mode": "data",
      "type": "template_file",
      "name": "day0_ubuntu_in",
      "provider": "provider[\"registry.terraform.io/hashicorp/template\"]",
      "instances": [
        {
          "schema_version": 0,
          "attributes": {
            "filename": null,
            "id": "1f7c943cece08ba10e85a4d44c55f0188c3839e28d884a0cbf6a9b4b7ae42022",
            "rendered": "packages: \n  - iperf3\nrepo_update: true\nbootcmd:\n - ip route add 10.10.2.4 via 10.10.1.5\n - ip -6 route add ace:cab:deca:3::4 via ace:cab:deca:2::5\n",
            "template": "packages: \n  - iperf3\nrepo_update: true\nbootcmd:\n - ip route add ${destination_ip} via ${gw}\n - ip -6 route add ${destination_ip6} via ${gw6}\n",
            "vars": {
              "destination_ip": "10.10.2.4",
              "destination_ip6": "ace:cab:deca:3::4",
              "gw": "10.10.1.5",
              "gw6": "ace:cab:deca:2::5"
            }
          },
          "sensitive_attributes": []
        }
      ]
    },
    {
      "mode": "data",
      "type": "template_file",
      "name": "day0_ubuntu_out",
      "provider": "provider[\"registry.terraform.io/hashicorp/template\"]",
      "instances": [
        {
          "schema_version": 0,
          "attributes": {
            "filename": null,
            "id": "a79f7199b79fb70303d52528b34afb5f33e0b118c21c2416ae5a7b7aa6a897c0",
            "rendered": "packages: \n  - iperf3\nrepo_update: true\nbootcmd:\n - ip route add 10.10.1.4 via 10.10.2.5\n - ip -6 route add ace:cab:deca:2::4 via ace:cab:deca:3::5\n",
            "template": "packages: \n  - iperf3\nrepo_update: true\nbootcmd:\n - ip route add ${destination_ip} via ${gw}\n - ip -6 route add ${destination_ip6} via ${gw6}\n",
            "vars": {
              "destination_ip": "10.10.1.4",
              "destination_ip6": "ace:cab:deca:2::4",
              "gw": "10.10.2.5",
              "gw6": "ace:cab:deca:3::5"
            }
          },
          "sensitive_attributes": []
        }
      ]
    },
    {
      "mode": "managed",
      "type": "azurerm_network_interface",
      "name": "fw-inside",
      "provider": "provider[\"registry.terraform.io/hashicorp/azurerm\"]",
      "instances": [
        {
          "schema_version": 0,
          "attributes": {
            "applied_dns_servers": [],
            "dns_servers": [],
            "edge_zone": "",
            "enable_accelerated_networking": true,
            "enable_ip_forwarding": true,
            "id": "/subscriptions/33d2517e-ca88-46aa-beb2-74ff1dd61b41/resourceGroups/seveluch-asav-group/providers/Microsoft.Network/networkInterfaces/fw-inside",
            "internal_dns_name_label": "",
            "internal_domain_name_suffix": "2hfoppd1utju3acyuukvu4f5vf.bx.internal.cloudapp.net",
            "ip_configuration": [
              {
                "gateway_load_balancer_frontend_ip_configuration_id": "",
                "name": "fw-inside",
                "primary": true,
                "private_ip_address": "10.10.1.5",
                "private_ip_address_allocation": "Dynamic",
                "private_ip_address_version": "IPv4",
                "public_ip_address_id": "",
                "subnet_id": "/subscriptions/33d2517e-ca88-46aa-beb2-74ff1dd61b41/resourceGroups/seveluch-asav-group/providers/Microsoft.Network/virtualNetworks/seveluch-asav-group-vnet/subnets/inside"
              },
              {
                "gateway_load_balancer_frontend_ip_configuration_id": "",
                "name": "fw-inside-v6",
                "primary": false,
                "private_ip_address": "ace:cab:deca:2::5",
                "private_ip_address_allocation": "Dynamic",
                "private_ip_address_version": "IPv6",
                "public_ip_address_id": "",
                "subnet_id": "/subscriptions/33d2517e-ca88-46aa-beb2-74ff1dd61b41/resourceGroups/seveluch-asav-group/providers/Microsoft.Network/virtualNetworks/seveluch-asav-group-vnet/subnets/inside"
              }
            ],
            "location": "eastus",
            "mac_address": "",
            "name": "fw-inside",
            "private_ip_address": "10.10.1.5",
            "private_ip_addresses": [
              "10.10.1.5",
              "ace:cab:deca:2::5"
            ],
            "resource_group_name": "seveluch-asav-group",
            "tags": null,
            "timeouts": null,
            "virtual_machine_id": ""
          },
          "sensitive_attributes": [],
          "private": "eyJlMmJmYjczMC1lY2FhLTExZTYtOGY4OC0zNDM2M2JjN2M0YzAiOnsiY3JlYXRlIjoxODAwMDAwMDAwMDAwLCJkZWxldGUiOjE4MDAwMDAwMDAwMDAsInJlYWQiOjMwMDAwMDAwMDAwMCwidXBkYXRlIjoxODAwMDAwMDAwMDAwfX0=",
          "dependencies": [
            "azurerm_network_interface.fw-mgmt",
            "azurerm_public_ip.fw-mgmt-pip",
            "azurerm_public_ip.fw-mgmt-pip6",
            "azurerm_resource_group.rg",
            "azurerm_subnet.inside",
            "azurerm_subnet.mgmt",
            "azurerm_virtual_network.vnet"
          ]
        }
      ]
    },
    {
      "mode": "managed",
      "type": "azurerm_network_interface",
      "name": "fw-mgmt",
      "provider": "provider[\"registry.terraform.io/hashicorp/azurerm\"]",
      "instances": [
        {
          "schema_version": 0,
          "attributes": {
            "applied_dns_servers": [],
            "dns_servers": [],
            "edge_zone": "",
            "enable_accelerated_networking": true,
            "enable_ip_forwarding": true,
            "id": "/subscriptions/33d2517e-ca88-46aa-beb2-74ff1dd61b41/resourceGroups/seveluch-asav-group/providers/Microsoft.Network/networkInterfaces/fw-mgmt",
            "internal_dns_name_label": "",
            "internal_domain_name_suffix": "2hfoppd1utju3acyuukvu4f5vf.bx.internal.cloudapp.net",
            "ip_configuration": [
              {
                "gateway_load_balancer_frontend_ip_configuration_id": "",
                "name": "mgmt",
                "primary": true,
                "private_ip_address": "10.10.0.6",
                "private_ip_address_allocation": "Dynamic",
                "private_ip_address_version": "IPv4",
                "public_ip_address_id": "/subscriptions/33d2517e-ca88-46aa-beb2-74ff1dd61b41/resourceGroups/seveluch-asav-group/providers/Microsoft.Network/publicIPAddresses/fw-mgmt-pip",
                "subnet_id": "/subscriptions/33d2517e-ca88-46aa-beb2-74ff1dd61b41/resourceGroups/seveluch-asav-group/providers/Microsoft.Network/virtualNetworks/seveluch-asav-group-vnet/subnets/mgmt"
              },
              {
                "gateway_load_balancer_frontend_ip_configuration_id": "",
                "name": "mgmt-v6",
                "primary": false,
                "private_ip_address": "ace:cab:deca:1::4",
                "private_ip_address_allocation": "Dynamic",
                "private_ip_address_version": "IPv6",
                "public_ip_address_id": "/subscriptions/33d2517e-ca88-46aa-beb2-74ff1dd61b41/resourceGroups/seveluch-asav-group/providers/Microsoft.Network/publicIPAddresses/fw-mgmt-pip6",
                "subnet_id": "/subscriptions/33d2517e-ca88-46aa-beb2-74ff1dd61b41/resourceGroups/seveluch-asav-group/providers/Microsoft.Network/virtualNetworks/seveluch-asav-group-vnet/subnets/mgmt"
              }
            ],
            "location": "eastus",
            "mac_address": "",
            "name": "fw-mgmt",
            "private_ip_address": "10.10.0.6",
            "private_ip_addresses": [
              "10.10.0.6",
              "ace:cab:deca:1::4"
            ],
            "resource_group_name": "seveluch-asav-group",
            "tags": null,
            "timeouts": null,
            "virtual_machine_id": ""
          },
          "sensitive_attributes": [],
          "private": "eyJlMmJmYjczMC1lY2FhLTExZTYtOGY4OC0zNDM2M2JjN2M0YzAiOnsiY3JlYXRlIjoxODAwMDAwMDAwMDAwLCJkZWxldGUiOjE4MDAwMDAwMDAwMDAsInJlYWQiOjMwMDAwMDAwMDAwMCwidXBkYXRlIjoxODAwMDAwMDAwMDAwfX0=",
          "dependencies": [
            "azurerm_public_ip.fw-mgmt-pip",
            "azurerm_public_ip.fw-mgmt-pip6",
            "azurerm_resource_group.rg",
            "azurerm_subnet.mgmt",
            "azurerm_virtual_network.vnet"
          ]
        }
      ]
    },
    {
      "mode": "managed",
      "type": "azurerm_network_interface",
      "name": "fw-outside",
      "provider": "provider[\"registry.terraform.io/hashicorp/azurerm\"]",
      "instances": [
        {
          "schema_version": 0,
          "attributes": {
            "applied_dns_servers": [],
            "dns_servers": [],
            "edge_zone": "",
            "enable_accelerated_networking": true,
            "enable_ip_forwarding": true,
            "id": "/subscriptions/33d2517e-ca88-46aa-beb2-74ff1dd61b41/resourceGroups/seveluch-asav-group/providers/Microsoft.Network/networkInterfaces/fw-outside",
            "internal_dns_name_label": "",
            "internal_domain_name_suffix": "2hfoppd1utju3acyuukvu4f5vf.bx.internal.cloudapp.net",
            "ip_configuration": [
              {
                "gateway_load_balancer_frontend_ip_configuration_id": "",
                "name": "fw-outside",
                "primary": true,
                "private_ip_address": "10.10.2.5",
                "private_ip_address_allocation": "Dynamic",
                "private_ip_address_version": "IPv4",
                "public_ip_address_id": "",
                "subnet_id": "/subscriptions/33d2517e-ca88-46aa-beb2-74ff1dd61b41/resourceGroups/seveluch-asav-group/providers/Microsoft.Network/virtualNetworks/seveluch-asav-group-vnet/subnets/outside"
              },
              {
                "gateway_load_balancer_frontend_ip_configuration_id": "",
                "name": "fw-outside-v6",
                "primary": false,
                "private_ip_address": "ace:cab:deca:3::5",
                "private_ip_address_allocation": "Dynamic",
                "private_ip_address_version": "IPv6",
                "public_ip_address_id": "",
                "subnet_id": "/subscriptions/33d2517e-ca88-46aa-beb2-74ff1dd61b41/resourceGroups/seveluch-asav-group/providers/Microsoft.Network/virtualNetworks/seveluch-asav-group-vnet/subnets/outside"
              }
            ],
            "location": "eastus",
            "mac_address": "",
            "name": "fw-outside",
            "private_ip_address": "10.10.2.5",
            "private_ip_addresses": [
              "10.10.2.5",
              "ace:cab:deca:3::5"
            ],
            "resource_group_name": "seveluch-asav-group",
            "tags": null,
            "timeouts": null,
            "virtual_machine_id": ""
          },
          "sensitive_attributes": [],
          "private": "eyJlMmJmYjczMC1lY2FhLTExZTYtOGY4OC0zNDM2M2JjN2M0YzAiOnsiY3JlYXRlIjoxODAwMDAwMDAwMDAwLCJkZWxldGUiOjE4MDAwMDAwMDAwMDAsInJlYWQiOjMwMDAwMDAwMDAwMCwidXBkYXRlIjoxODAwMDAwMDAwMDAwfX0=",
          "dependencies": [
            "azurerm_network_interface.fw-inside",
            "azurerm_network_interface.fw-mgmt",
            "azurerm_public_ip.fw-mgmt-pip",
            "azurerm_public_ip.fw-mgmt-pip6",
            "azurerm_resource_group.rg",
            "azurerm_subnet.inside",
            "azurerm_subnet.mgmt",
            "azurerm_subnet.outside",
            "azurerm_virtual_network.vnet"
          ]
        }
      ]
    },
    {
      "mode": "managed",
      "type": "azurerm_network_interface",
      "name": "ubuntu-in-inside",
      "provider": "provider[\"registry.terraform.io/hashicorp/azurerm\"]",
      "instances": [
        {
          "schema_version": 0,
          "attributes": {
            "applied_dns_servers": [],
            "dns_servers": [],
            "edge_zone": "",
            "enable_accelerated_networking": true,
            "enable_ip_forwarding": true,
            "id": "/subscriptions/33d2517e-ca88-46aa-beb2-74ff1dd61b41/resourceGroups/seveluch-asav-group/providers/Microsoft.Network/networkInterfaces/ubuntu-in-inside",
            "internal_dns_name_label": "",
            "internal_domain_name_suffix": "2hfoppd1utju3acyuukvu4f5vf.bx.internal.cloudapp.net",
            "ip_configuration": [
              {
                "gateway_load_balancer_frontend_ip_configuration_id": "",
                "name": "ubuntu-in-inside",
                "primary": true,
                "private_ip_address": "10.10.1.4",
                "private_ip_address_allocation": "Dynamic",
                "private_ip_address_version": "IPv4",
                "public_ip_address_id": "",
                "subnet_id": "/subscriptions/33d2517e-ca88-46aa-beb2-74ff1dd61b41/resourceGroups/seveluch-asav-group/providers/Microsoft.Network/virtualNetworks/seveluch-asav-group-vnet/subnets/inside"
              },
              {
                "gateway_load_balancer_frontend_ip_configuration_id": "",
                "name": "ubuntu-in-inside-v6",
                "primary": false,
                "private_ip_address": "ace:cab:deca:2::4",
                "private_ip_address_allocation": "Dynamic",
                "private_ip_address_version": "IPv6",
                "public_ip_address_id": "",
                "subnet_id": "/subscriptions/33d2517e-ca88-46aa-beb2-74ff1dd61b41/resourceGroups/seveluch-asav-group/providers/Microsoft.Network/virtualNetworks/seveluch-asav-group-vnet/subnets/inside"
              }
            ],
            "location": "eastus",
            "mac_address": "",
            "name": "ubuntu-in-inside",
            "private_ip_address": "10.10.1.4",
            "private_ip_addresses": [
              "10.10.1.4",
              "ace:cab:deca:2::4"
            ],
            "resource_group_name": "seveluch-asav-group",
            "tags": null,
            "timeouts": null,
            "virtual_machine_id": ""
          },
          "sensitive_attributes": [],
          "private": "eyJlMmJmYjczMC1lY2FhLTExZTYtOGY4OC0zNDM2M2JjN2M0YzAiOnsiY3JlYXRlIjoxODAwMDAwMDAwMDAwLCJkZWxldGUiOjE4MDAwMDAwMDAwMDAsInJlYWQiOjMwMDAwMDAwMDAwMCwidXBkYXRlIjoxODAwMDAwMDAwMDAwfX0=",
          "dependencies": [
            "azurerm_resource_group.rg",
            "azurerm_subnet.inside",
            "azurerm_virtual_network.vnet"
          ]
        }
      ]
    },
    {
      "mode": "managed",
      "type": "azurerm_network_interface",
      "name": "ubuntu-in-mgmt",
      "provider": "provider[\"registry.terraform.io/hashicorp/azurerm\"]",
      "instances": [
        {
          "schema_version": 0,
          "attributes": {
            "applied_dns_servers": [],
            "dns_servers": [],
            "edge_zone": "",
            "enable_accelerated_networking": true,
            "enable_ip_forwarding": true,
            "id": "/subscriptions/33d2517e-ca88-46aa-beb2-74ff1dd61b41/resourceGroups/seveluch-asav-group/providers/Microsoft.Network/networkInterfaces/ubuntu-in-mgmt",
            "internal_dns_name_label": "",
            "internal_domain_name_suffix": "2hfoppd1utju3acyuukvu4f5vf.bx.internal.cloudapp.net",
            "ip_configuration": [
              {
                "gateway_load_balancer_frontend_ip_configuration_id": "",
                "name": "ubuntu-in-mgmt",
                "primary": true,
                "private_ip_address": "10.10.0.5",
                "private_ip_address_allocation": "Dynamic",
                "private_ip_address_version": "IPv4",
                "public_ip_address_id": "/subscriptions/33d2517e-ca88-46aa-beb2-74ff1dd61b41/resourceGroups/seveluch-asav-group/providers/Microsoft.Network/publicIPAddresses/ubuntu-in-mgmt-pip",
                "subnet_id": "/subscriptions/33d2517e-ca88-46aa-beb2-74ff1dd61b41/resourceGroups/seveluch-asav-group/providers/Microsoft.Network/virtualNetworks/seveluch-asav-group-vnet/subnets/mgmt"
              }
            ],
            "location": "eastus",
            "mac_address": "",
            "name": "ubuntu-in-mgmt",
            "private_ip_address": "10.10.0.5",
            "private_ip_addresses": [
              "10.10.0.5"
            ],
            "resource_group_name": "seveluch-asav-group",
            "tags": null,
            "timeouts": null,
            "virtual_machine_id": ""
          },
          "sensitive_attributes": [],
          "private": "eyJlMmJmYjczMC1lY2FhLTExZTYtOGY4OC0zNDM2M2JjN2M0YzAiOnsiY3JlYXRlIjoxODAwMDAwMDAwMDAwLCJkZWxldGUiOjE4MDAwMDAwMDAwMDAsInJlYWQiOjMwMDAwMDAwMDAwMCwidXBkYXRlIjoxODAwMDAwMDAwMDAwfX0=",
          "dependencies": [
            "azurerm_public_ip.ubuntu-in-mgmt-pip",
            "azurerm_resource_group.rg",
            "azurerm_subnet.mgmt",
            "azurerm_virtual_network.vnet"
          ]
        }
      ]
    },
    {
      "mode": "managed",
      "type": "azurerm_network_interface",
      "name": "ubuntu-out-mgmt",
      "provider": "provider[\"registry.terraform.io/hashicorp/azurerm\"]",
      "instances": [
        {
          "schema_version": 0,
          "attributes": {
            "applied_dns_servers": [],
            "dns_servers": [],
            "edge_zone": "",
            "enable_accelerated_networking": true,
            "enable_ip_forwarding": true,
            "id": "/subscriptions/33d2517e-ca88-46aa-beb2-74ff1dd61b41/resourceGroups/seveluch-asav-group/providers/Microsoft.Network/networkInterfaces/ubuntu-out-mgmt",
            "internal_dns_name_label": "",
            "internal_domain_name_suffix": "2hfoppd1utju3acyuukvu4f5vf.bx.internal.cloudapp.net",
            "ip_configuration": [
              {
                "gateway_load_balancer_frontend_ip_configuration_id": "",
                "name": "ubuntu-out-mgmt",
                "primary": true,
                "private_ip_address": "10.10.0.4",
                "private_ip_address_allocation": "Dynamic",
                "private_ip_address_version": "IPv4",
                "public_ip_address_id": "/subscriptions/33d2517e-ca88-46aa-beb2-74ff1dd61b41/resourceGroups/seveluch-asav-group/providers/Microsoft.Network/publicIPAddresses/ubuntu-out-mgmt-pip",
                "subnet_id": "/subscriptions/33d2517e-ca88-46aa-beb2-74ff1dd61b41/resourceGroups/seveluch-asav-group/providers/Microsoft.Network/virtualNetworks/seveluch-asav-group-vnet/subnets/mgmt"
              }
            ],
            "location": "eastus",
            "mac_address": "",
            "name": "ubuntu-out-mgmt",
            "private_ip_address": "10.10.0.4",
            "private_ip_addresses": [
              "10.10.0.4"
            ],
            "resource_group_name": "seveluch-asav-group",
            "tags": null,
            "timeouts": null,
            "virtual_machine_id": ""
          },
          "sensitive_attributes": [],
          "private": "eyJlMmJmYjczMC1lY2FhLTExZTYtOGY4OC0zNDM2M2JjN2M0YzAiOnsiY3JlYXRlIjoxODAwMDAwMDAwMDAwLCJkZWxldGUiOjE4MDAwMDAwMDAwMDAsInJlYWQiOjMwMDAwMDAwMDAwMCwidXBkYXRlIjoxODAwMDAwMDAwMDAwfX0=",
          "dependencies": [
            "azurerm_public_ip.ubuntu-out-mgmt-pip",
            "azurerm_resource_group.rg",
            "azurerm_subnet.mgmt",
            "azurerm_virtual_network.vnet"
          ]
        }
      ]
    },
    {
      "mode": "managed",
      "type": "azurerm_network_interface",
      "name": "ubuntu-out-outside",
      "provider": "provider[\"registry.terraform.io/hashicorp/azurerm\"]",
      "instances": [
        {
          "schema_version": 0,
          "attributes": {
            "applied_dns_servers": [],
            "dns_servers": [],
            "edge_zone": "",
            "enable_accelerated_networking": true,
            "enable_ip_forwarding": true,
            "id": "/subscriptions/33d2517e-ca88-46aa-beb2-74ff1dd61b41/resourceGroups/seveluch-asav-group/providers/Microsoft.Network/networkInterfaces/ubuntu-out-outside",
            "internal_dns_name_label": "",
            "internal_domain_name_suffix": "2hfoppd1utju3acyuukvu4f5vf.bx.internal.cloudapp.net",
            "ip_configuration": [
              {
                "gateway_load_balancer_frontend_ip_configuration_id": "",
                "name": "ubuntu-out-outside",
                "primary": true,
                "private_ip_address": "10.10.2.4",
                "private_ip_address_allocation": "Dynamic",
                "private_ip_address_version": "IPv4",
                "public_ip_address_id": "",
                "subnet_id": "/subscriptions/33d2517e-ca88-46aa-beb2-74ff1dd61b41/resourceGroups/seveluch-asav-group/providers/Microsoft.Network/virtualNetworks/seveluch-asav-group-vnet/subnets/outside"
              },
              {
                "gateway_load_balancer_frontend_ip_configuration_id": "",
                "name": "ubuntu-out-outside-v6",
                "primary": false,
                "private_ip_address": "ace:cab:deca:3::4",
                "private_ip_address_allocation": "Dynamic",
                "private_ip_address_version": "IPv6",
                "public_ip_address_id": "",
                "subnet_id": "/subscriptions/33d2517e-ca88-46aa-beb2-74ff1dd61b41/resourceGroups/seveluch-asav-group/providers/Microsoft.Network/virtualNetworks/seveluch-asav-group-vnet/subnets/outside"
              }
            ],
            "location": "eastus",
            "mac_address": "",
            "name": "ubuntu-out-outside",
            "private_ip_address": "10.10.2.4",
            "private_ip_addresses": [
              "10.10.2.4",
              "ace:cab:deca:3::4"
            ],
            "resource_group_name": "seveluch-asav-group",
            "tags": null,
            "timeouts": null,
            "virtual_machine_id": ""
          },
          "sensitive_attributes": [],
          "private": "eyJlMmJmYjczMC1lY2FhLTExZTYtOGY4OC0zNDM2M2JjN2M0YzAiOnsiY3JlYXRlIjoxODAwMDAwMDAwMDAwLCJkZWxldGUiOjE4MDAwMDAwMDAwMDAsInJlYWQiOjMwMDAwMDAwMDAwMCwidXBkYXRlIjoxODAwMDAwMDAwMDAwfX0=",
          "dependencies": [
            "azurerm_resource_group.rg",
            "azurerm_subnet.outside",
            "azurerm_virtual_network.vnet"
          ]
        }
      ]
    },
    {
      "mode": "managed",
      "type": "azurerm_network_interface_security_group_association",
      "name": "in-mgmt-nic-nsg",
      "provider": "provider[\"registry.terraform.io/hashicorp/azurerm\"]",
      "instances": [
        {
          "schema_version": 0,
          "attributes": {
            "id": "/subscriptions/33d2517e-ca88-46aa-beb2-74ff1dd61b41/resourceGroups/seveluch-asav-group/providers/Microsoft.Network/networkInterfaces/ubuntu-in-mgmt|/subscriptions/33d2517e-ca88-46aa-beb2-74ff1dd61b41/resourceGroups/seveluch-asav-group/providers/Microsoft.Network/networkSecurityGroups/fw-allow-all",
            "network_interface_id": "/subscriptions/33d2517e-ca88-46aa-beb2-74ff1dd61b41/resourceGroups/seveluch-asav-group/providers/Microsoft.Network/networkInterfaces/ubuntu-in-mgmt",
            "network_security_group_id": "/subscriptions/33d2517e-ca88-46aa-beb2-74ff1dd61b41/resourceGroups/seveluch-asav-group/providers/Microsoft.Network/networkSecurityGroups/fw-allow-all",
            "timeouts": null
          },
          "sensitive_attributes": [],
          "private": "eyJlMmJmYjczMC1lY2FhLTExZTYtOGY4OC0zNDM2M2JjN2M0YzAiOnsiY3JlYXRlIjoxODAwMDAwMDAwMDAwLCJkZWxldGUiOjE4MDAwMDAwMDAwMDAsInJlYWQiOjMwMDAwMDAwMDAwMCwidXBkYXRlIjoxODAwMDAwMDAwMDAwfX0=",
          "dependencies": [
            "azurerm_network_interface.ubuntu-in-mgmt",
            "azurerm_network_security_group.allow-all",
            "azurerm_public_ip.ubuntu-in-mgmt-pip",
            "azurerm_resource_group.rg",
            "azurerm_subnet.mgmt",
            "azurerm_virtual_network.vnet"
          ]
        }
      ]
    },
    {
      "mode": "managed",
      "type": "azurerm_network_interface_security_group_association",
      "name": "mgmt-nic-nsg",
      "provider": "provider[\"registry.terraform.io/hashicorp/azurerm\"]",
      "instances": [
        {
          "schema_version": 0,
          "attributes": {
            "id": "/subscriptions/33d2517e-ca88-46aa-beb2-74ff1dd61b41/resourceGroups/seveluch-asav-group/providers/Microsoft.Network/networkInterfaces/fw-mgmt|/subscriptions/33d2517e-ca88-46aa-beb2-74ff1dd61b41/resourceGroups/seveluch-asav-group/providers/Microsoft.Network/networkSecurityGroups/fw-allow-all",
            "network_interface_id": "/subscriptions/33d2517e-ca88-46aa-beb2-74ff1dd61b41/resourceGroups/seveluch-asav-group/providers/Microsoft.Network/networkInterfaces/fw-mgmt",
            "network_security_group_id": "/subscriptions/33d2517e-ca88-46aa-beb2-74ff1dd61b41/resourceGroups/seveluch-asav-group/providers/Microsoft.Network/networkSecurityGroups/fw-allow-all",
            "timeouts": null
          },
          "sensitive_attributes": [],
          "private": "eyJlMmJmYjczMC1lY2FhLTExZTYtOGY4OC0zNDM2M2JjN2M0YzAiOnsiY3JlYXRlIjoxODAwMDAwMDAwMDAwLCJkZWxldGUiOjE4MDAwMDAwMDAwMDAsInJlYWQiOjMwMDAwMDAwMDAwMCwidXBkYXRlIjoxODAwMDAwMDAwMDAwfX0=",
          "dependencies": [
            "azurerm_network_interface.fw-mgmt",
            "azurerm_network_security_group.allow-all",
            "azurerm_public_ip.fw-mgmt-pip",
            "azurerm_public_ip.fw-mgmt-pip6",
            "azurerm_resource_group.rg",
            "azurerm_subnet.mgmt",
            "azurerm_virtual_network.vnet"
          ]
        }
      ]
    },
    {
      "mode": "managed",
      "type": "azurerm_network_interface_security_group_association",
      "name": "out-mgmt-nic-nsg",
      "provider": "provider[\"registry.terraform.io/hashicorp/azurerm\"]",
      "instances": [
        {
          "schema_version": 0,
          "attributes": {
            "id": "/subscriptions/33d2517e-ca88-46aa-beb2-74ff1dd61b41/resourceGroups/seveluch-asav-group/providers/Microsoft.Network/networkInterfaces/ubuntu-out-mgmt|/subscriptions/33d2517e-ca88-46aa-beb2-74ff1dd61b41/resourceGroups/seveluch-asav-group/providers/Microsoft.Network/networkSecurityGroups/fw-allow-all",
            "network_interface_id": "/subscriptions/33d2517e-ca88-46aa-beb2-74ff1dd61b41/resourceGroups/seveluch-asav-group/providers/Microsoft.Network/networkInterfaces/ubuntu-out-mgmt",
            "network_security_group_id": "/subscriptions/33d2517e-ca88-46aa-beb2-74ff1dd61b41/resourceGroups/seveluch-asav-group/providers/Microsoft.Network/networkSecurityGroups/fw-allow-all",
            "timeouts": null
          },
          "sensitive_attributes": [],
          "private": "eyJlMmJmYjczMC1lY2FhLTExZTYtOGY4OC0zNDM2M2JjN2M0YzAiOnsiY3JlYXRlIjoxODAwMDAwMDAwMDAwLCJkZWxldGUiOjE4MDAwMDAwMDAwMDAsInJlYWQiOjMwMDAwMDAwMDAwMCwidXBkYXRlIjoxODAwMDAwMDAwMDAwfX0=",
          "dependencies": [
            "azurerm_network_interface.ubuntu-out-mgmt",
            "azurerm_network_security_group.allow-all",
            "azurerm_public_ip.ubuntu-out-mgmt-pip",
            "azurerm_resource_group.rg",
            "azurerm_subnet.mgmt",
            "azurerm_virtual_network.vnet"
          ]
        }
      ]
    },
    {
      "mode": "managed",
      "type": "azurerm_network_security_group",
      "name": "allow-all",
      "provider": "provider[\"registry.terraform.io/hashicorp/azurerm\"]",
      "instances": [
        {
          "schema_version": 0,
          "attributes": {
            "id": "/subscriptions/33d2517e-ca88-46aa-beb2-74ff1dd61b41/resourceGroups/seveluch-asav-group/providers/Microsoft.Network/networkSecurityGroups/fw-allow-all",
            "location": "eastus",
            "name": "fw-allow-all",
            "resource_group_name": "seveluch-asav-group",
            "security_rule": [
              {
                "access": "Allow",
                "description": "",
                "destination_address_prefix": "*",
                "destination_address_prefixes": [],
                "destination_application_security_group_ids": [],
                "destination_port_range": "22",
                "destination_port_ranges": [],
                "direction": "Inbound",
                "name": "TCP-Allow-SSH",
                "priority": 1001,
                "protocol": "Tcp",
                "source_address_prefix": "*",
                "source_address_prefixes": [],
                "source_application_security_group_ids": [],
                "source_port_range": "*",
                "source_port_ranges": []
              }
            ],
            "tags": null,
            "timeouts": null
          },
          "sensitive_attributes": [],
          "private": "eyJlMmJmYjczMC1lY2FhLTExZTYtOGY4OC0zNDM2M2JjN2M0YzAiOnsiY3JlYXRlIjoxODAwMDAwMDAwMDAwLCJkZWxldGUiOjE4MDAwMDAwMDAwMDAsInJlYWQiOjMwMDAwMDAwMDAwMCwidXBkYXRlIjoxODAwMDAwMDAwMDAwfX0=",
          "dependencies": [
            "azurerm_resource_group.rg"
          ]
        }
      ]
    },
    {
      "mode": "managed",
      "type": "azurerm_public_ip",
      "name": "fw-mgmt-pip",
      "provider": "provider[\"registry.terraform.io/hashicorp/azurerm\"]",
      "instances": [
        {
          "schema_version": 0,
          "attributes": {
            "allocation_method": "Static",
            "domain_name_label": null,
            "edge_zone": "",
            "fqdn": null,
            "id": "/subscriptions/33d2517e-ca88-46aa-beb2-74ff1dd61b41/resourceGroups/seveluch-asav-group/providers/Microsoft.Network/publicIPAddresses/fw-mgmt-pip",
            "idle_timeout_in_minutes": 4,
            "ip_address": "20.231.89.86",
            "ip_tags": null,
            "ip_version": "IPv4",
            "location": "eastus",
            "name": "fw-mgmt-pip",
            "public_ip_prefix_id": null,
            "resource_group_name": "seveluch-asav-group",
            "reverse_fqdn": null,
            "sku": "Standard",
            "sku_tier": "Regional",
            "tags": null,
            "timeouts": null,
            "zones": null
          },
          "sensitive_attributes": [],
          "private": "eyJlMmJmYjczMC1lY2FhLTExZTYtOGY4OC0zNDM2M2JjN2M0YzAiOnsiY3JlYXRlIjoxODAwMDAwMDAwMDAwLCJkZWxldGUiOjE4MDAwMDAwMDAwMDAsInJlYWQiOjMwMDAwMDAwMDAwMCwidXBkYXRlIjoxODAwMDAwMDAwMDAwfX0=",
          "dependencies": [
            "azurerm_resource_group.rg"
          ]
        }
      ]
    },
    {
      "mode": "managed",
      "type": "azurerm_public_ip",
      "name": "fw-mgmt-pip6",
      "provider": "provider[\"registry.terraform.io/hashicorp/azurerm\"]",
      "instances": [
        {
          "schema_version": 0,
          "attributes": {
            "allocation_method": "Static",
            "domain_name_label": null,
            "edge_zone": "",
            "fqdn": null,
            "id": "/subscriptions/33d2517e-ca88-46aa-beb2-74ff1dd61b41/resourceGroups/seveluch-asav-group/providers/Microsoft.Network/publicIPAddresses/fw-mgmt-pip6",
            "idle_timeout_in_minutes": 4,
            "ip_address": "2a01:111:f100:2000::a83e:3082",
            "ip_tags": null,
            "ip_version": "IPv6",
            "location": "eastus",
            "name": "fw-mgmt-pip6",
            "public_ip_prefix_id": null,
            "resource_group_name": "seveluch-asav-group",
            "reverse_fqdn": null,
            "sku": "Standard",
            "sku_tier": "Regional",
            "tags": null,
            "timeouts": null,
            "zones": null
          },
          "sensitive_attributes": [],
          "private": "eyJlMmJmYjczMC1lY2FhLTExZTYtOGY4OC0zNDM2M2JjN2M0YzAiOnsiY3JlYXRlIjoxODAwMDAwMDAwMDAwLCJkZWxldGUiOjE4MDAwMDAwMDAwMDAsInJlYWQiOjMwMDAwMDAwMDAwMCwidXBkYXRlIjoxODAwMDAwMDAwMDAwfX0=",
          "dependencies": [
            "azurerm_resource_group.rg"
          ]
        }
      ]
    },
    {
      "mode": "managed",
      "type": "azurerm_public_ip",
      "name": "ubuntu-in-mgmt-pip",
      "provider": "provider[\"registry.terraform.io/hashicorp/azurerm\"]",
      "instances": [
        {
          "schema_version": 0,
          "attributes": {
            "allocation_method": "Static",
            "domain_name_label": null,
            "edge_zone": "",
            "fqdn": null,
            "id": "/subscriptions/33d2517e-ca88-46aa-beb2-74ff1dd61b41/resourceGroups/seveluch-asav-group/providers/Microsoft.Network/publicIPAddresses/ubuntu-in-mgmt-pip",
            "idle_timeout_in_minutes": 4,
            "ip_address": "20.231.44.231",
            "ip_tags": null,
            "ip_version": "IPv4",
            "location": "eastus",
            "name": "ubuntu-in-mgmt-pip",
            "public_ip_prefix_id": null,
            "resource_group_name": "seveluch-asav-group",
            "reverse_fqdn": null,
            "sku": "Standard",
            "sku_tier": "Regional",
            "tags": null,
            "timeouts": null,
            "zones": null
          },
          "sensitive_attributes": [],
          "private": "eyJlMmJmYjczMC1lY2FhLTExZTYtOGY4OC0zNDM2M2JjN2M0YzAiOnsiY3JlYXRlIjoxODAwMDAwMDAwMDAwLCJkZWxldGUiOjE4MDAwMDAwMDAwMDAsInJlYWQiOjMwMDAwMDAwMDAwMCwidXBkYXRlIjoxODAwMDAwMDAwMDAwfX0=",
          "dependencies": [
            "azurerm_resource_group.rg"
          ]
        }
      ]
    },
    {
      "mode": "managed",
      "type": "azurerm_public_ip",
      "name": "ubuntu-out-mgmt-pip",
      "provider": "provider[\"registry.terraform.io/hashicorp/azurerm\"]",
      "instances": [
        {
          "schema_version": 0,
          "attributes": {
            "allocation_method": "Static",
            "domain_name_label": null,
            "edge_zone": "",
            "fqdn": null,
            "id": "/subscriptions/33d2517e-ca88-46aa-beb2-74ff1dd61b41/resourceGroups/seveluch-asav-group/providers/Microsoft.Network/publicIPAddresses/ubuntu-out-mgmt-pip",
            "idle_timeout_in_minutes": 4,
            "ip_address": "20.231.45.28",
            "ip_tags": null,
            "ip_version": "IPv4",
            "location": "eastus",
            "name": "ubuntu-out-mgmt-pip",
            "public_ip_prefix_id": null,
            "resource_group_name": "seveluch-asav-group",
            "reverse_fqdn": null,
            "sku": "Standard",
            "sku_tier": "Regional",
            "tags": null,
            "timeouts": null,
            "zones": null
          },
          "sensitive_attributes": [],
          "private": "eyJlMmJmYjczMC1lY2FhLTExZTYtOGY4OC0zNDM2M2JjN2M0YzAiOnsiY3JlYXRlIjoxODAwMDAwMDAwMDAwLCJkZWxldGUiOjE4MDAwMDAwMDAwMDAsInJlYWQiOjMwMDAwMDAwMDAwMCwidXBkYXRlIjoxODAwMDAwMDAwMDAwfX0=",
          "dependencies": [
            "azurerm_resource_group.rg"
          ]
        }
      ]
    },
    {
      "mode": "managed",
      "type": "azurerm_resource_group",
      "name": "rg",
      "provider": "provider[\"registry.terraform.io/hashicorp/azurerm\"]",
      "instances": [
        {
          "schema_version": 0,
          "attributes": {
            "id": "/subscriptions/33d2517e-ca88-46aa-beb2-74ff1dd61b41/resourceGroups/seveluch-asav-group",
            "location": "eastus",
            "name": "seveluch-asav-group",
            "tags": null,
            "timeouts": null
          },
          "sensitive_attributes": [],
          "private": "eyJlMmJmYjczMC1lY2FhLTExZTYtOGY4OC0zNDM2M2JjN2M0YzAiOnsiY3JlYXRlIjo1NDAwMDAwMDAwMDAwLCJkZWxldGUiOjU0MDAwMDAwMDAwMDAsInJlYWQiOjMwMDAwMDAwMDAwMCwidXBkYXRlIjo1NDAwMDAwMDAwMDAwfX0="
        }
      ]
    },
    {
      "mode": "managed",
      "type": "azurerm_route_table",
      "name": "inside",
      "provider": "provider[\"registry.terraform.io/hashicorp/azurerm\"]",
      "instances": [
        {
          "schema_version": 0,
          "attributes": {
            "disable_bgp_route_propagation": false,
            "id": "/subscriptions/33d2517e-ca88-46aa-beb2-74ff1dd61b41/resourceGroups/seveluch-asav-group/providers/Microsoft.Network/routeTables/inside-rt",
            "location": "eastus",
            "name": "inside-rt",
            "resource_group_name": "seveluch-asav-group",
            "route": [
              {
                "address_prefix": "10.10.2.0/24",
                "name": "Inside-Outside",
                "next_hop_in_ip_address": "10.10.2.5",
                "next_hop_type": "VirtualAppliance"
              },
              {
                "address_prefix": "ace:cab:deca:3::/64",
                "name": "Inside-Outside-v6",
                "next_hop_in_ip_address": "ace:cab:deca:3::5",
                "next_hop_type": "VirtualAppliance"
              }
            ],
            "subnets": [],
            "tags": null,
            "timeouts": null
          },
          "sensitive_attributes": [],
          "private": "eyJlMmJmYjczMC1lY2FhLTExZTYtOGY4OC0zNDM2M2JjN2M0YzAiOnsiY3JlYXRlIjoxODAwMDAwMDAwMDAwLCJkZWxldGUiOjE4MDAwMDAwMDAwMDAsInJlYWQiOjMwMDAwMDAwMDAwMCwidXBkYXRlIjoxODAwMDAwMDAwMDAwfX0=",
          "dependencies": [
            "azurerm_network_interface.fw-inside",
            "azurerm_network_interface.fw-mgmt",
            "azurerm_network_interface.fw-outside",
            "azurerm_public_ip.fw-mgmt-pip",
            "azurerm_public_ip.fw-mgmt-pip6",
            "azurerm_resource_group.rg",
            "azurerm_subnet.inside",
            "azurerm_subnet.mgmt",
            "azurerm_subnet.outside",
            "azurerm_virtual_network.vnet"
          ]
        }
      ]
    },
    {
      "mode": "managed",
      "type": "azurerm_route_table",
      "name": "mgmt",
      "provider": "provider[\"registry.terraform.io/hashicorp/azurerm\"]",
      "instances": [
        {
          "schema_version": 0,
          "attributes": {
            "disable_bgp_route_propagation": false,
            "id": "/subscriptions/33d2517e-ca88-46aa-beb2-74ff1dd61b41/resourceGroups/seveluch-asav-group/providers/Microsoft.Network/routeTables/mgmt",
            "location": "eastus",
            "name": "mgmt",
            "resource_group_name": "seveluch-asav-group",
            "route": [],
            "subnets": [],
            "tags": null,
            "timeouts": null
          },
          "sensitive_attributes": [],
          "private": "eyJlMmJmYjczMC1lY2FhLTExZTYtOGY4OC0zNDM2M2JjN2M0YzAiOnsiY3JlYXRlIjoxODAwMDAwMDAwMDAwLCJkZWxldGUiOjE4MDAwMDAwMDAwMDAsInJlYWQiOjMwMDAwMDAwMDAwMCwidXBkYXRlIjoxODAwMDAwMDAwMDAwfX0=",
          "dependencies": [
            "azurerm_resource_group.rg"
          ]
        }
      ]
    },
    {
      "mode": "managed",
      "type": "azurerm_route_table",
      "name": "outside",
      "provider": "provider[\"registry.terraform.io/hashicorp/azurerm\"]",
      "instances": [
        {
          "schema_version": 0,
          "attributes": {
            "disable_bgp_route_propagation": false,
            "id": "/subscriptions/33d2517e-ca88-46aa-beb2-74ff1dd61b41/resourceGroups/seveluch-asav-group/providers/Microsoft.Network/routeTables/outside-rt",
            "location": "eastus",
            "name": "outside-rt",
            "resource_group_name": "seveluch-asav-group",
            "route": [
              {
                "address_prefix": "10.10.1.0/24",
                "name": "Outside-Inside",
                "next_hop_in_ip_address": "10.10.1.5",
                "next_hop_type": "VirtualAppliance"
              },
              {
                "address_prefix": "ace:cab:deca:2::/64",
                "name": "Outside-Inside-v6",
                "next_hop_in_ip_address": "ace:cab:deca:2::5",
                "next_hop_type": "VirtualAppliance"
              }
            ],
            "subnets": [],
            "tags": null,
            "timeouts": null
          },
          "sensitive_attributes": [],
          "private": "eyJlMmJmYjczMC1lY2FhLTExZTYtOGY4OC0zNDM2M2JjN2M0YzAiOnsiY3JlYXRlIjoxODAwMDAwMDAwMDAwLCJkZWxldGUiOjE4MDAwMDAwMDAwMDAsInJlYWQiOjMwMDAwMDAwMDAwMCwidXBkYXRlIjoxODAwMDAwMDAwMDAwfX0=",
          "dependencies": [
            "azurerm_network_interface.fw-inside",
            "azurerm_network_interface.fw-mgmt",
            "azurerm_public_ip.fw-mgmt-pip",
            "azurerm_public_ip.fw-mgmt-pip6",
            "azurerm_resource_group.rg",
            "azurerm_subnet.inside",
            "azurerm_subnet.mgmt",
            "azurerm_virtual_network.vnet"
          ]
        }
      ]
    },
    {
      "mode": "managed",
      "type": "azurerm_storage_account",
      "name": "fwsa1",
      "provider": "provider[\"registry.terraform.io/hashicorp/azurerm\"]",
      "instances": [
        {
          "schema_version": 3,
          "attributes": {
            "access_tier": "Hot",
            "account_kind": "StorageV2",
            "account_replication_type": "LRS",
            "account_tier": "Standard",
            "allow_nested_items_to_be_public": true,
            "azure_files_authentication": [],
            "blob_properties": [
              {
                "change_feed_enabled": false,
                "container_delete_retention_policy": [],
                "cors_rule": [],
                "default_service_version": "",
                "delete_retention_policy": [],
                "last_access_time_enabled": false,
                "versioning_enabled": false
              }
            ],
            "custom_domain": [],
            "customer_managed_key": [],
            "edge_zone": "",
            "enable_https_traffic_only": true,
            "id": "/subscriptions/33d2517e-ca88-46aa-beb2-74ff1dd61b41/resourceGroups/seveluch-asav-group/providers/Microsoft.Storage/storageAccounts/fwsasavtorageipv6",
            "identity": [],
            "infrastructure_encryption_enabled": false,
            "is_hns_enabled": false,
            "large_file_share_enabled": null,
            "location": "eastus",
            "min_tls_version": "TLS1_2",
            "name": "fwsasavtorageipv6",
            "network_rules": [
              {
                "bypass": [
                  "AzureServices"
                ],
                "default_action": "Allow",
                "ip_rules": [],
                "private_link_access": [],
                "virtual_network_subnet_ids": []
              }
            ],
            "nfsv3_enabled": false,
            "primary_access_key": "nXDw4fyqPuiFKvf6jz7xZBfcOGFqh7tE6/QUBvlhLas7PFm4d1OK3zj/8Fig3ZPgVb8zPlawyu9w+AStntrSxg==",
            "primary_blob_connection_string": "DefaultEndpointsProtocol=https;BlobEndpoint=https://fwsasavtorageipv6.blob.core.windows.net/;AccountName=fwsasavtorageipv6;AccountKey=nXDw4fyqPuiFKvf6jz7xZBfcOGFqh7tE6/QUBvlhLas7PFm4d1OK3zj/8Fig3ZPgVb8zPlawyu9w+AStntrSxg==",
            "primary_blob_endpoint": "https://fwsasavtorageipv6.blob.core.windows.net/",
            "primary_blob_host": "fwsasavtorageipv6.blob.core.windows.net",
            "primary_connection_string": "DefaultEndpointsProtocol=https;AccountName=fwsasavtorageipv6;AccountKey=nXDw4fyqPuiFKvf6jz7xZBfcOGFqh7tE6/QUBvlhLas7PFm4d1OK3zj/8Fig3ZPgVb8zPlawyu9w+AStntrSxg==;EndpointSuffix=core.windows.net",
            "primary_dfs_endpoint": "https://fwsasavtorageipv6.dfs.core.windows.net/",
            "primary_dfs_host": "fwsasavtorageipv6.dfs.core.windows.net",
            "primary_file_endpoint": "https://fwsasavtorageipv6.file.core.windows.net/",
            "primary_file_host": "fwsasavtorageipv6.file.core.windows.net",
            "primary_location": "eastus",
            "primary_queue_endpoint": "https://fwsasavtorageipv6.queue.core.windows.net/",
            "primary_queue_host": "fwsasavtorageipv6.queue.core.windows.net",
            "primary_table_endpoint": "https://fwsasavtorageipv6.table.core.windows.net/",
            "primary_table_host": "fwsasavtorageipv6.table.core.windows.net",
            "primary_web_endpoint": "https://fwsasavtorageipv6.z13.web.core.windows.net/",
            "primary_web_host": "fwsasavtorageipv6.z13.web.core.windows.net",
            "queue_encryption_key_type": "Service",
            "queue_properties": [
              {
                "cors_rule": [],
                "hour_metrics": [
                  {
                    "enabled": true,
                    "include_apis": true,
                    "retention_policy_days": 7,
                    "version": "1.0"
                  }
                ],
                "logging": [
                  {
                    "delete": false,
                    "read": false,
                    "retention_policy_days": 0,
                    "version": "1.0",
                    "write": false
                  }
                ],
                "minute_metrics": [
                  {
                    "enabled": false,
                    "include_apis": false,
                    "retention_policy_days": 0,
                    "version": "1.0"
                  }
                ]
              }
            ],
            "resource_group_name": "seveluch-asav-group",
            "routing": [],
            "secondary_access_key": "yaZV81v278cNuTHiAIcRqHGW1sALSFFm/1DsycdoHdXGzzdQRZ6mJgZ/EDhFPPjrUT3QZJ+q883m+AStdccp0g==",
            "secondary_blob_connection_string": "",
            "secondary_blob_endpoint": null,
            "secondary_blob_host": null,
            "secondary_connection_string": "DefaultEndpointsProtocol=https;AccountName=fwsasavtorageipv6;AccountKey=yaZV81v278cNuTHiAIcRqHGW1sALSFFm/1DsycdoHdXGzzdQRZ6mJgZ/EDhFPPjrUT3QZJ+q883m+AStdccp0g==;EndpointSuffix=core.windows.net",
            "secondary_dfs_endpoint": null,
            "secondary_dfs_host": null,
            "secondary_file_endpoint": null,
            "secondary_file_host": null,
            "secondary_location": "",
            "secondary_queue_endpoint": null,
            "secondary_queue_host": null,
            "secondary_table_endpoint": null,
            "secondary_table_host": null,
            "secondary_web_endpoint": null,
            "secondary_web_host": null,
            "share_properties": [
              {
                "cors_rule": [],
                "retention_policy": [
                  {
                    "days": 7
                  }
                ],
                "smb": []
              }
            ],
            "shared_access_key_enabled": true,
            "static_website": [],
            "table_encryption_key_type": "Service",
            "tags": null,
            "timeouts": null
          },
          "sensitive_attributes": [],
          "private": "eyJlMmJmYjczMC1lY2FhLTExZTYtOGY4OC0zNDM2M2JjN2M0YzAiOnsiY3JlYXRlIjozNjAwMDAwMDAwMDAwLCJkZWxldGUiOjM2MDAwMDAwMDAwMDAsInJlYWQiOjMwMDAwMDAwMDAwMCwidXBkYXRlIjozNjAwMDAwMDAwMDAwfSwic2NoZW1hX3ZlcnNpb24iOiIzIn0=",
          "dependencies": [
            "azurerm_resource_group.rg"
          ]
        }
      ]
    },
    {
      "mode": "managed",
      "type": "azurerm_subnet",
      "name": "inside",
      "provider": "provider[\"registry.terraform.io/hashicorp/azurerm\"]",
      "instances": [
        {
          "schema_version": 0,
          "attributes": {
            "address_prefixes": [
              "10.10.1.0/24",
              "ace:cab:deca:2::/64"
            ],
            "delegation": [],
            "enforce_private_link_endpoint_network_policies": false,
            "enforce_private_link_service_network_policies": false,
            "id": "/subscriptions/33d2517e-ca88-46aa-beb2-74ff1dd61b41/resourceGroups/seveluch-asav-group/providers/Microsoft.Network/virtualNetworks/seveluch-asav-group-vnet/subnets/inside",
            "name": "inside",
            "resource_group_name": "seveluch-asav-group",
            "service_endpoint_policy_ids": null,
            "service_endpoints": null,
            "timeouts": null,
            "virtual_network_name": "seveluch-asav-group-vnet"
          },
          "sensitive_attributes": [],
          "private": "eyJlMmJmYjczMC1lY2FhLTExZTYtOGY4OC0zNDM2M2JjN2M0YzAiOnsiY3JlYXRlIjoxODAwMDAwMDAwMDAwLCJkZWxldGUiOjE4MDAwMDAwMDAwMDAsInJlYWQiOjMwMDAwMDAwMDAwMCwidXBkYXRlIjoxODAwMDAwMDAwMDAwfX0=",
          "dependencies": [
            "azurerm_resource_group.rg",
            "azurerm_virtual_network.vnet"
          ]
        }
      ]
    },
    {
      "mode": "managed",
      "type": "azurerm_subnet",
      "name": "mgmt",
      "provider": "provider[\"registry.terraform.io/hashicorp/azurerm\"]",
      "instances": [
        {
          "schema_version": 0,
          "attributes": {
            "address_prefixes": [
              "10.10.0.0/24",
              "ace:cab:deca:1::/64"
            ],
            "delegation": [],
            "enforce_private_link_endpoint_network_policies": false,
            "enforce_private_link_service_network_policies": false,
            "id": "/subscriptions/33d2517e-ca88-46aa-beb2-74ff1dd61b41/resourceGroups/seveluch-asav-group/providers/Microsoft.Network/virtualNetworks/seveluch-asav-group-vnet/subnets/mgmt",
            "name": "mgmt",
            "resource_group_name": "seveluch-asav-group",
            "service_endpoint_policy_ids": null,
            "service_endpoints": null,
            "timeouts": null,
            "virtual_network_name": "seveluch-asav-group-vnet"
          },
          "sensitive_attributes": [],
          "private": "eyJlMmJmYjczMC1lY2FhLTExZTYtOGY4OC0zNDM2M2JjN2M0YzAiOnsiY3JlYXRlIjoxODAwMDAwMDAwMDAwLCJkZWxldGUiOjE4MDAwMDAwMDAwMDAsInJlYWQiOjMwMDAwMDAwMDAwMCwidXBkYXRlIjoxODAwMDAwMDAwMDAwfX0=",
          "dependencies": [
            "azurerm_resource_group.rg",
            "azurerm_virtual_network.vnet"
          ]
        }
      ]
    },
    {
      "mode": "managed",
      "type": "azurerm_subnet",
      "name": "outside",
      "provider": "provider[\"registry.terraform.io/hashicorp/azurerm\"]",
      "instances": [
        {
          "schema_version": 0,
          "attributes": {
            "address_prefixes": [
              "10.10.2.0/24",
              "ace:cab:deca:3::/64"
            ],
            "delegation": [],
            "enforce_private_link_endpoint_network_policies": false,
            "enforce_private_link_service_network_policies": false,
            "id": "/subscriptions/33d2517e-ca88-46aa-beb2-74ff1dd61b41/resourceGroups/seveluch-asav-group/providers/Microsoft.Network/virtualNetworks/seveluch-asav-group-vnet/subnets/outside",
            "name": "outside",
            "resource_group_name": "seveluch-asav-group",
            "service_endpoint_policy_ids": null,
            "service_endpoints": null,
            "timeouts": null,
            "virtual_network_name": "seveluch-asav-group-vnet"
          },
          "sensitive_attributes": [],
          "private": "eyJlMmJmYjczMC1lY2FhLTExZTYtOGY4OC0zNDM2M2JjN2M0YzAiOnsiY3JlYXRlIjoxODAwMDAwMDAwMDAwLCJkZWxldGUiOjE4MDAwMDAwMDAwMDAsInJlYWQiOjMwMDAwMDAwMDAwMCwidXBkYXRlIjoxODAwMDAwMDAwMDAwfX0=",
          "dependencies": [
            "azurerm_resource_group.rg",
            "azurerm_virtual_network.vnet"
          ]
        }
      ]
    },
    {
      "mode": "managed",
      "type": "azurerm_subnet_route_table_association",
      "name": "inside",
      "provider": "provider[\"registry.terraform.io/hashicorp/azurerm\"]",
      "instances": [
        {
          "schema_version": 0,
          "attributes": {
            "id": "/subscriptions/33d2517e-ca88-46aa-beb2-74ff1dd61b41/resourceGroups/seveluch-asav-group/providers/Microsoft.Network/virtualNetworks/seveluch-asav-group-vnet/subnets/inside",
            "route_table_id": "/subscriptions/33d2517e-ca88-46aa-beb2-74ff1dd61b41/resourceGroups/seveluch-asav-group/providers/Microsoft.Network/routeTables/inside-rt",
            "subnet_id": "/subscriptions/33d2517e-ca88-46aa-beb2-74ff1dd61b41/resourceGroups/seveluch-asav-group/providers/Microsoft.Network/virtualNetworks/seveluch-asav-group-vnet/subnets/inside",
            "timeouts": null
          },
          "sensitive_attributes": [],
          "private": "eyJlMmJmYjczMC1lY2FhLTExZTYtOGY4OC0zNDM2M2JjN2M0YzAiOnsiY3JlYXRlIjoxODAwMDAwMDAwMDAwLCJkZWxldGUiOjE4MDAwMDAwMDAwMDAsInJlYWQiOjMwMDAwMDAwMDAwMCwidXBkYXRlIjoxODAwMDAwMDAwMDAwfX0=",
          "dependencies": [
            "azurerm_network_interface.fw-inside",
            "azurerm_network_interface.fw-mgmt",
            "azurerm_network_interface.fw-outside",
            "azurerm_public_ip.fw-mgmt-pip",
            "azurerm_public_ip.fw-mgmt-pip6",
            "azurerm_resource_group.rg",
            "azurerm_route_table.inside",
            "azurerm_subnet.inside",
            "azurerm_subnet.mgmt",
            "azurerm_subnet.outside",
            "azurerm_virtual_network.vnet"
          ]
        }
      ]
    },
    {
      "mode": "managed",
      "type": "azurerm_subnet_route_table_association",
      "name": "management",
      "provider": "provider[\"registry.terraform.io/hashicorp/azurerm\"]",
      "instances": [
        {
          "schema_version": 0,
          "attributes": {
            "id": "/subscriptions/33d2517e-ca88-46aa-beb2-74ff1dd61b41/resourceGroups/seveluch-asav-group/providers/Microsoft.Network/virtualNetworks/seveluch-asav-group-vnet/subnets/mgmt",
            "route_table_id": "/subscriptions/33d2517e-ca88-46aa-beb2-74ff1dd61b41/resourceGroups/seveluch-asav-group/providers/Microsoft.Network/routeTables/mgmt",
            "subnet_id": "/subscriptions/33d2517e-ca88-46aa-beb2-74ff1dd61b41/resourceGroups/seveluch-asav-group/providers/Microsoft.Network/virtualNetworks/seveluch-asav-group-vnet/subnets/mgmt",
            "timeouts": null
          },
          "sensitive_attributes": [],
          "private": "eyJlMmJmYjczMC1lY2FhLTExZTYtOGY4OC0zNDM2M2JjN2M0YzAiOnsiY3JlYXRlIjoxODAwMDAwMDAwMDAwLCJkZWxldGUiOjE4MDAwMDAwMDAwMDAsInJlYWQiOjMwMDAwMDAwMDAwMCwidXBkYXRlIjoxODAwMDAwMDAwMDAwfX0=",
          "dependencies": [
            "azurerm_resource_group.rg",
            "azurerm_route_table.mgmt",
            "azurerm_subnet.mgmt",
            "azurerm_virtual_network.vnet"
          ]
        }
      ]
    },
    {
      "mode": "managed",
      "type": "azurerm_subnet_route_table_association",
      "name": "outside",
      "provider": "provider[\"registry.terraform.io/hashicorp/azurerm\"]",
      "instances": [
        {
          "schema_version": 0,
          "attributes": {
            "id": "/subscriptions/33d2517e-ca88-46aa-beb2-74ff1dd61b41/resourceGroups/seveluch-asav-group/providers/Microsoft.Network/virtualNetworks/seveluch-asav-group-vnet/subnets/outside",
            "route_table_id": "/subscriptions/33d2517e-ca88-46aa-beb2-74ff1dd61b41/resourceGroups/seveluch-asav-group/providers/Microsoft.Network/routeTables/outside-rt",
            "subnet_id": "/subscriptions/33d2517e-ca88-46aa-beb2-74ff1dd61b41/resourceGroups/seveluch-asav-group/providers/Microsoft.Network/virtualNetworks/seveluch-asav-group-vnet/subnets/outside",
            "timeouts": null
          },
          "sensitive_attributes": [],
          "private": "eyJlMmJmYjczMC1lY2FhLTExZTYtOGY4OC0zNDM2M2JjN2M0YzAiOnsiY3JlYXRlIjoxODAwMDAwMDAwMDAwLCJkZWxldGUiOjE4MDAwMDAwMDAwMDAsInJlYWQiOjMwMDAwMDAwMDAwMCwidXBkYXRlIjoxODAwMDAwMDAwMDAwfX0=",
          "dependencies": [
            "azurerm_network_interface.fw-inside",
            "azurerm_network_interface.fw-mgmt",
            "azurerm_public_ip.fw-mgmt-pip",
            "azurerm_public_ip.fw-mgmt-pip6",
            "azurerm_resource_group.rg",
            "azurerm_route_table.outside",
            "azurerm_subnet.inside",
            "azurerm_subnet.mgmt",
            "azurerm_subnet.outside",
            "azurerm_virtual_network.vnet"
          ]
        }
      ]
    },
    {
      "mode": "managed",
      "type": "azurerm_virtual_machine",
      "name": "asav",
      "provider": "provider[\"registry.terraform.io/hashicorp/azurerm\"]",
      "instances": []
    },
    {
      "mode": "managed",
      "type": "azurerm_virtual_machine",
      "name": "ubuntu-in",
      "provider": "provider[\"registry.terraform.io/hashicorp/azurerm\"]",
      "instances": [
        {
          "schema_version": 0,
          "attributes": {
            "additional_capabilities": [],
            "availability_set_id": null,
            "boot_diagnostics": [],
            "delete_data_disks_on_termination": false,
            "delete_os_disk_on_termination": false,
            "id": "/subscriptions/33d2517e-ca88-46aa-beb2-74ff1dd61b41/resourceGroups/seveluch-asav-group/providers/Microsoft.Compute/virtualMachines/ubuntu-in-vm",
            "identity": [],
            "license_type": null,
            "location": "eastus",
            "name": "ubuntu-in-vm",
            "network_interface_ids": [
              "/subscriptions/33d2517e-ca88-46aa-beb2-74ff1dd61b41/resourceGroups/seveluch-asav-group/providers/Microsoft.Network/networkInterfaces/ubuntu-in-mgmt",
              "/subscriptions/33d2517e-ca88-46aa-beb2-74ff1dd61b41/resourceGroups/seveluch-asav-group/providers/Microsoft.Network/networkInterfaces/ubuntu-in-inside"
            ],
            "os_profile": [
              {
                "admin_password": "Cisco#12",
                "admin_username": "ubuntu",
                "computer_name": "ubuntu-in",
                "custom_data": "27b3a72717fc9d3a8b53b6a607b0427f2e82d21b"
              }
            ],
            "os_profile_linux_config": [
              {
                "disable_password_authentication": false,
                "ssh_keys": []
              }
            ],
            "os_profile_secrets": [],
            "os_profile_windows_config": [],
            "plan": [],
            "primary_network_interface_id": "/subscriptions/33d2517e-ca88-46aa-beb2-74ff1dd61b41/resourceGroups/seveluch-asav-group/providers/Microsoft.Network/networkInterfaces/ubuntu-in-mgmt",
            "proximity_placement_group_id": null,
            "resource_group_name": "seveluch-asav-group",
            "storage_data_disk": [],
            "storage_image_reference": [
              {
                "id": "",
                "offer": "UbuntuServer",
                "publisher": "Canonical",
                "sku": "18.04-LTS",
                "version": "latest"
              }
            ],
            "storage_os_disk": [
              {
                "caching": "ReadWrite",
                "create_option": "FromImage",
                "disk_size_gb": 30,
                "image_uri": "",
                "managed_disk_id": "/subscriptions/33d2517e-ca88-46aa-beb2-74ff1dd61b41/resourceGroups/seveluch-asav-group/providers/Microsoft.Compute/disks/ubuntu-in-disk",
                "managed_disk_type": "Standard_LRS",
                "name": "ubuntu-in-disk",
                "os_type": "Linux",
                "vhd_uri": "",
                "write_accelerator_enabled": false
              }
            ],
            "tags": {
              "environment": "devtest"
            },
            "timeouts": null,
            "vm_size": "Standard_D3_v2",
            "zones": null
          },
          "sensitive_attributes": [],
          "private": "eyJlMmJmYjczMC1lY2FhLTExZTYtOGY4OC0zNDM2M2JjN2M0YzAiOnsiY3JlYXRlIjozNjAwMDAwMDAwMDAwLCJkZWxldGUiOjM2MDAwMDAwMDAwMDAsInJlYWQiOjMwMDAwMDAwMDAwMCwidXBkYXRlIjozNjAwMDAwMDAwMDAwfX0=",
          "dependencies": [
            "azurerm_network_interface.fw-inside",
            "azurerm_network_interface.fw-mgmt",
            "azurerm_network_interface.ubuntu-in-inside",
            "azurerm_network_interface.ubuntu-in-mgmt",
            "azurerm_network_interface.ubuntu-out-outside",
            "azurerm_public_ip.fw-mgmt-pip",
            "azurerm_public_ip.fw-mgmt-pip6",
            "azurerm_public_ip.ubuntu-in-mgmt-pip",
            "azurerm_resource_group.rg",
            "azurerm_subnet.inside",
            "azurerm_subnet.mgmt",
            "azurerm_subnet.outside",
            "azurerm_virtual_network.vnet",
            "data.template_cloudinit_config.day0_ubuntu_in",
            "data.template_file.day0_ubuntu_in"
          ]
        }
      ]
    },
    {
      "mode": "managed",
      "type": "azurerm_virtual_machine",
      "name": "ubuntu-out",
      "provider": "provider[\"registry.terraform.io/hashicorp/azurerm\"]",
      "instances": [
        {
          "schema_version": 0,
          "attributes": {
            "additional_capabilities": [],
            "availability_set_id": null,
            "boot_diagnostics": [],
            "delete_data_disks_on_termination": false,
            "delete_os_disk_on_termination": false,
            "id": "/subscriptions/33d2517e-ca88-46aa-beb2-74ff1dd61b41/resourceGroups/seveluch-asav-group/providers/Microsoft.Compute/virtualMachines/ubuntu-out-vm",
            "identity": [],
            "license_type": null,
            "location": "eastus",
            "name": "ubuntu-out-vm",
            "network_interface_ids": [
              "/subscriptions/33d2517e-ca88-46aa-beb2-74ff1dd61b41/resourceGroups/seveluch-asav-group/providers/Microsoft.Network/networkInterfaces/ubuntu-out-mgmt",
              "/subscriptions/33d2517e-ca88-46aa-beb2-74ff1dd61b41/resourceGroups/seveluch-asav-group/providers/Microsoft.Network/networkInterfaces/ubuntu-out-outside"
            ],
            "os_profile": [
              {
                "admin_password": "Cisco#12",
                "admin_username": "ubuntu",
                "computer_name": "ubuntu-out",
                "custom_data": "82b608926b7e0cf8ab46822b6fe3c1982bed1b70"
              }
            ],
            "os_profile_linux_config": [
              {
                "disable_password_authentication": false,
                "ssh_keys": []
              }
            ],
            "os_profile_secrets": [],
            "os_profile_windows_config": [],
            "plan": [],
            "primary_network_interface_id": "/subscriptions/33d2517e-ca88-46aa-beb2-74ff1dd61b41/resourceGroups/seveluch-asav-group/providers/Microsoft.Network/networkInterfaces/ubuntu-out-mgmt",
            "proximity_placement_group_id": null,
            "resource_group_name": "seveluch-asav-group",
            "storage_data_disk": [],
            "storage_image_reference": [
              {
                "id": "",
                "offer": "UbuntuServer",
                "publisher": "Canonical",
                "sku": "18.04-LTS",
                "version": "latest"
              }
            ],
            "storage_os_disk": [
              {
                "caching": "ReadWrite",
                "create_option": "FromImage",
                "disk_size_gb": 30,
                "image_uri": "",
                "managed_disk_id": "/subscriptions/33d2517e-ca88-46aa-beb2-74ff1dd61b41/resourceGroups/seveluch-asav-group/providers/Microsoft.Compute/disks/ubuntu-out-disk",
                "managed_disk_type": "Standard_LRS",
                "name": "ubuntu-out-disk",
                "os_type": "Linux",
                "vhd_uri": "",
                "write_accelerator_enabled": false
              }
            ],
            "tags": {
              "environment": "devtest"
            },
            "timeouts": null,
            "vm_size": "Standard_D3_v2",
            "zones": null
          },
          "sensitive_attributes": [],
          "private": "eyJlMmJmYjczMC1lY2FhLTExZTYtOGY4OC0zNDM2M2JjN2M0YzAiOnsiY3JlYXRlIjozNjAwMDAwMDAwMDAwLCJkZWxldGUiOjM2MDAwMDAwMDAwMDAsInJlYWQiOjMwMDAwMDAwMDAwMCwidXBkYXRlIjozNjAwMDAwMDAwMDAwfX0=",
          "dependencies": [
            "azurerm_network_interface.fw-inside",
            "azurerm_network_interface.fw-mgmt",
            "azurerm_network_interface.fw-outside",
            "azurerm_network_interface.ubuntu-in-inside",
            "azurerm_network_interface.ubuntu-out-mgmt",
            "azurerm_network_interface.ubuntu-out-outside",
            "azurerm_public_ip.fw-mgmt-pip",
            "azurerm_public_ip.fw-mgmt-pip6",
            "azurerm_public_ip.ubuntu-out-mgmt-pip",
            "azurerm_resource_group.rg",
            "azurerm_subnet.inside",
            "azurerm_subnet.mgmt",
            "azurerm_subnet.outside",
            "azurerm_virtual_network.vnet",
            "data.template_cloudinit_config.day0_ubuntu_out",
            "data.template_file.day0_ubuntu_out"
          ]
        }
      ]
    },
    {
      "mode": "managed",
      "type": "azurerm_virtual_network",
      "name": "vnet",
      "provider": "provider[\"registry.terraform.io/hashicorp/azurerm\"]",
      "instances": [
        {
          "schema_version": 0,
          "attributes": {
            "address_space": [
              "10.10.0.0/16",
              "ace:cab:deca::/48"
            ],
            "bgp_community": "",
            "ddos_protection_plan": [],
            "dns_servers": [],
            "edge_zone": "",
            "flow_timeout_in_minutes": 0,
            "guid": "bce7cae1-a47b-4ed3-8058-a5155a78bfad",
            "id": "/subscriptions/33d2517e-ca88-46aa-beb2-74ff1dd61b41/resourceGroups/seveluch-asav-group/providers/Microsoft.Network/virtualNetworks/seveluch-asav-group-vnet",
            "location": "eastus",
            "name": "seveluch-asav-group-vnet",
            "resource_group_name": "seveluch-asav-group",
            "subnet": [],
            "tags": null,
            "timeouts": null
          },
          "sensitive_attributes": [],
          "private": "eyJlMmJmYjczMC1lY2FhLTExZTYtOGY4OC0zNDM2M2JjN2M0YzAiOnsiY3JlYXRlIjoxODAwMDAwMDAwMDAwLCJkZWxldGUiOjE4MDAwMDAwMDAwMDAsInJlYWQiOjMwMDAwMDAwMDAwMCwidXBkYXRlIjoxODAwMDAwMDAwMDAwfX0=",
          "dependencies": [
            "azurerm_resource_group.rg"
          ]
        }
      ]
    }
  ]
}
